// !$*UTF8*$!
{
	archiveVersion = 1;
	classes = {
	};
	objectVersion = 77;
	objects = {

/* Begin PBXAggregateTarget section */
		5152C9E22CEF383000BF7AC9 /* Periphery */ = {
			isa = PBXAggregateTarget;
			buildConfigurationList = 5152C9E52CEF383000BF7AC9 /* Build configuration list for PBXAggregateTarget "Periphery" */;
			buildPhases = (
				5152C9E62CEF384000BF7AC9 /* Periphery */,
			);
			dependencies = (
				515FEC272CEFBAC900493F6D /* PBXTargetDependency */,
			);
			name = Periphery;
			packageProductDependencies = (
			);
			productName = Periphery;
		};
		5189AA072CECE000006BFF5F /* Format */ = {
			isa = PBXAggregateTarget;
			buildConfigurationList = 5189AA0A2CECE000006BFF5F /* Build configuration list for PBXAggregateTarget "Format" */;
			buildPhases = (
				5189AA0B2CECE02A006BFF5F /* Format */,
				51DB92F92CECE71100292706 /* Lint */,
			);
			dependencies = (
			);
			name = Format;
			packageProductDependencies = (
			);
			productName = Format;
		};
/* End PBXAggregateTarget section */

/* Begin PBXBuildFile section */
		5185D9952CA5C24000553C34 /* SwiftUINavigation in Frameworks */ = {isa = PBXBuildFile; productRef = 5185D9942CA5C24000553C34 /* SwiftUINavigation */; };
		51B7FD8A2C9C202600BCA8DA /* AppLibrary in Frameworks */ = {isa = PBXBuildFile; productRef = 51B7FD892C9C202600BCA8DA /* AppLibrary */; };
/* End PBXBuildFile section */

/* Begin PBXContainerItemProxy section */
		515FEC262CEFBAC900493F6D /* PBXContainerItemProxy */ = {
			isa = PBXContainerItemProxy;
			containerPortal = 51B7FD4D2C9B659E00BCA8DA /* Project object */;
			proxyType = 1;
			remoteGlobalIDString = 51B7FD542C9B659E00BCA8DA;
			remoteInfo = CodeAssignment;
		};
/* End PBXContainerItemProxy section */

/* Begin PBXFileReference section */
		5135E00C2C9D66C300DEDCFD /* App.xctestplan */ = {isa = PBXFileReference; lastKnownFileType = text; path = App.xctestplan; sourceTree = "<group>"; };
		515B584D2CA70DB100D88E7A /* Rakefile */ = {isa = PBXFileReference; lastKnownFileType = text; path = Rakefile; sourceTree = "<group>"; };
		515B584F2CA70DE900D88E7A /* Brewfile */ = {isa = PBXFileReference; lastKnownFileType = text; path = Brewfile; sourceTree = "<group>"; };
		515B58532CA7170600D88E7A /* .swiftlint.yml */ = {isa = PBXFileReference; lastKnownFileType = text.yaml; path = .swiftlint.yml; sourceTree = "<group>"; };
		519FA06F2CA2AA4A00BD34B9 /* README.md */ = {isa = PBXFileReference; lastKnownFileType = net.daringfireball.markdown; path = README.md; sourceTree = "<group>"; };
		51B7FD552C9B659E00BCA8DA /* App.app */ = {isa = PBXFileReference; explicitFileType = wrapper.application; includeInIndex = 0; path = App.app; sourceTree = BUILT_PRODUCTS_DIR; };
/* End PBXFileReference section */

/* Begin PBXFileSystemSynchronizedBuildFileExceptionSet section */
		51B7FD872C9C1F6D00BCA8DA /* Exceptions for "Packages" folder in "App" target */ = {
			isa = PBXFileSystemSynchronizedBuildFileExceptionSet;
			membershipExceptions = (
				AppLibrary,
			);
			target = 51B7FD542C9B659E00BCA8DA /* App */;
		};
/* End PBXFileSystemSynchronizedBuildFileExceptionSet section */

/* Begin PBXFileSystemSynchronizedRootGroup section */
		51B7FD572C9B659E00BCA8DA /* App */ = {
			isa = PBXFileSystemSynchronizedRootGroup;
			path = App;
			sourceTree = "<group>";
		};
		51B7FD852C9C1F3800BCA8DA /* Packages */ = {
			isa = PBXFileSystemSynchronizedRootGroup;
			exceptions = (
				51B7FD872C9C1F6D00BCA8DA /* Exceptions for "Packages" folder in "App" target */,
			);
			path = Packages;
			sourceTree = "<group>";
		};
/* End PBXFileSystemSynchronizedRootGroup section */

/* Begin PBXFrameworksBuildPhase section */
		51B7FD522C9B659E00BCA8DA /* Frameworks */ = {
			isa = PBXFrameworksBuildPhase;
			buildActionMask = 2147483647;
			files = (
				5185D9952CA5C24000553C34 /* SwiftUINavigation in Frameworks */,
				51B7FD8A2C9C202600BCA8DA /* AppLibrary in Frameworks */,
			);
			runOnlyForDeploymentPostprocessing = 0;
		};
/* End PBXFrameworksBuildPhase section */

/* Begin PBXGroup section */
		51B7FD4C2C9B659E00BCA8DA = {
			isa = PBXGroup;
			children = (
				515B58532CA7170600D88E7A /* .swiftlint.yml */,
				515B584F2CA70DE900D88E7A /* Brewfile */,
				515B584D2CA70DB100D88E7A /* Rakefile */,
				519FA06F2CA2AA4A00BD34B9 /* README.md */,
				5135E00C2C9D66C300DEDCFD /* App.xctestplan */,
				51B7FD852C9C1F3800BCA8DA /* Packages */,
				51B7FD572C9B659E00BCA8DA /* App */,
				51B7FD882C9C202600BCA8DA /* Frameworks */,
				51B7FD562C9B659E00BCA8DA /* Products */,
			);
			sourceTree = "<group>";
		};
		51B7FD562C9B659E00BCA8DA /* Products */ = {
			isa = PBXGroup;
			children = (
				51B7FD552C9B659E00BCA8DA /* App.app */,
			);
			name = Products;
			sourceTree = "<group>";
		};
		51B7FD882C9C202600BCA8DA /* Frameworks */ = {
			isa = PBXGroup;
			children = (
			);
			name = Frameworks;
			sourceTree = "<group>";
		};
/* End PBXGroup section */

/* Begin PBXNativeTarget section */
		51B7FD542C9B659E00BCA8DA /* App */ = {
			isa = PBXNativeTarget;
			buildConfigurationList = 51B7FD792C9B659F00BCA8DA /* Build configuration list for PBXNativeTarget "App" */;
			buildPhases = (
				51B7FD512C9B659E00BCA8DA /* Sources */,
				51B7FD522C9B659E00BCA8DA /* Frameworks */,
				51B7FD532C9B659E00BCA8DA /* Resources */,
			);
			buildRules = (
			);
			dependencies = (
				51FB4D9D2CBD33DF00C02D5C /* PBXTargetDependency */,
			);
			fileSystemSynchronizedGroups = (
				51B7FD572C9B659E00BCA8DA /* App */,
				51B7FD852C9C1F3800BCA8DA /* Packages */,
			);
			name = App;
			packageProductDependencies = (
				51B7FD892C9C202600BCA8DA /* AppLibrary */,
				5185D9942CA5C24000553C34 /* SwiftUINavigation */,
			);
			productName = App;
			productReference = 51B7FD552C9B659E00BCA8DA /* App.app */;
			productType = "com.apple.product-type.application";
		};
/* End PBXNativeTarget section */

/* Begin PBXProject section */
		51B7FD4D2C9B659E00BCA8DA /* Project object */ = {
			isa = PBXProject;
			attributes = {
				BuildIndependentTargetsInParallel = 1;
				LastSwiftUpdateCheck = 1600;
				LastUpgradeCheck = 1610;
				TargetAttributes = {
					5152C9E22CEF383000BF7AC9 = {
						CreatedOnToolsVersion = 16.1;
					};
					5189AA072CECE000006BFF5F = {
						CreatedOnToolsVersion = 16.1;
					};
					51B7FD542C9B659E00BCA8DA = {
						CreatedOnToolsVersion = 16.0;
					};
				};
			};
			buildConfigurationList = 51B7FD502C9B659E00BCA8DA /* Build configuration list for PBXProject "App" */;
			developmentRegion = en;
			hasScannedForEncodings = 0;
			knownRegions = (
				en,
				Base,
			);
			mainGroup = 51B7FD4C2C9B659E00BCA8DA;
			minimizedProjectReferenceProxies = 1;
			packageReferences = (
				5185D9932CA5C24000553C34 /* XCRemoteSwiftPackageReference "swift-navigation" */,
			);
			preferredProjectObjectVersion = 77;
			productRefGroup = 51B7FD562C9B659E00BCA8DA /* Products */;
			projectDirPath = "";
			projectRoot = "";
			targets = (
				51B7FD542C9B659E00BCA8DA /* App */,
				5189AA072CECE000006BFF5F /* Format */,
				5152C9E22CEF383000BF7AC9 /* Periphery */,
			);
		};
/* End PBXProject section */

/* Begin PBXResourcesBuildPhase section */
		51B7FD532C9B659E00BCA8DA /* Resources */ = {
			isa = PBXResourcesBuildPhase;
			buildActionMask = 2147483647;
			files = (
			);
			runOnlyForDeploymentPostprocessing = 0;
		};
/* End PBXResourcesBuildPhase section */

/* Begin PBXShellScriptBuildPhase section */
		5152C9E62CEF384000BF7AC9 /* Periphery */ = {
			isa = PBXShellScriptBuildPhase;
			alwaysOutOfDate = 1;
			buildActionMask = 2147483647;
			files = (
			);
			inputFileListPaths = (
			);
			inputPaths = (
			);
			name = Periphery;
			outputFileListPaths = (
			);
			outputPaths = (
			);
			runOnlyForDeploymentPostprocessing = 0;
			shellPath = /bin/sh;
			shellScript = "export PATH=$PATH:/opt/homebrew/bin\nrake periphery_xcode\n";
			showEnvVarsInLog = 0;
		};
		5189AA0B2CECE02A006BFF5F /* Format */ = {
			isa = PBXShellScriptBuildPhase;
			alwaysOutOfDate = 1;
			buildActionMask = 2147483647;
			files = (
			);
			inputFileListPaths = (
			);
			inputPaths = (
			);
			name = Format;
			outputFileListPaths = (
			);
			outputPaths = (
			);
			runOnlyForDeploymentPostprocessing = 0;
			shellPath = /bin/sh;
			shellScript = "if test -d \"/opt/homebrew/bin/\"; then\n  PATH=\"/opt/homebrew/bin/:${PATH}\"\nfi\n\nexport PATH\n\nif which swiftformat >/dev/null; then\n  swiftformat .\nelse\n  echo \"warning: SwiftFormat not installed, run brew bundle install\"\n  exit 1\nfi\n";
			showEnvVarsInLog = 0;
		};
		51DB92F92CECE71100292706 /* Lint */ = {
			isa = PBXShellScriptBuildPhase;
			alwaysOutOfDate = 1;
			buildActionMask = 2147483647;
			files = (
			);
			inputFileListPaths = (
			);
			inputPaths = (
			);
			name = Lint;
			outputFileListPaths = (
			);
			outputPaths = (
			);
			runOnlyForDeploymentPostprocessing = 0;
			shellPath = /bin/sh;
			shellScript = "if test -d \"/opt/homebrew/bin/\"; then\n  PATH=\"/opt/homebrew/bin/:${PATH}\"\nfi\n\nexport PATH\n\nif which swiftlint >/dev/null; then\n  swiftlint --fix --quiet\n  swiftlint --lenient --quiet\nelse\n  echo \"warning: SwiftLint not installed, run brew bundle install\"\n  exit 1\nfi\n";
			showEnvVarsInLog = 0;
		};
/* End PBXShellScriptBuildPhase section */

/* Begin PBXSourcesBuildPhase section */
		51B7FD512C9B659E00BCA8DA /* Sources */ = {
			isa = PBXSourcesBuildPhase;
			buildActionMask = 2147483647;
			files = (
			);
			runOnlyForDeploymentPostprocessing = 0;
		};
/* End PBXSourcesBuildPhase section */

/* Begin PBXTargetDependency section */
		515FEC272CEFBAC900493F6D /* PBXTargetDependency */ = {
			isa = PBXTargetDependency;
			target = 51B7FD542C9B659E00BCA8DA /* CodeAssignment */;
			targetProxy = 515FEC262CEFBAC900493F6D /* PBXContainerItemProxy */;
		};
		51FB4D9D2CBD33DF00C02D5C /* PBXTargetDependency */ = {
			isa = PBXTargetDependency;
			productRef = 51FB4D9C2CBD33DF00C02D5C /* AppLibrary */;
		};
/* End PBXTargetDependency section */

/* Begin XCBuildConfiguration section */
		5152C9E32CEF383000BF7AC9 /* Debug */ = {
			isa = XCBuildConfiguration;
			buildSettings = {
				CODE_SIGN_STYLE = Automatic;
				DEVELOPMENT_TEAM = NNR8Z984DK;
				PRODUCT_NAME = "$(TARGET_NAME)";
			};
			name = Debug;
		};
		5152C9E42CEF383000BF7AC9 /* Release */ = {
			isa = XCBuildConfiguration;
			buildSettings = {
				CODE_SIGN_STYLE = Automatic;
				DEVELOPMENT_TEAM = NNR8Z984DK;
				PRODUCT_NAME = "$(TARGET_NAME)";
			};
			name = Release;
		};
		5189AA082CECE000006BFF5F /* Debug */ = {
			isa = XCBuildConfiguration;
			buildSettings = {
				CODE_SIGN_STYLE = Automatic;
				DEVELOPMENT_TEAM = NNR8Z984DK;
				PRODUCT_NAME = "$(TARGET_NAME)";
			};
			name = Debug;
		};
		5189AA092CECE000006BFF5F /* Release */ = {
			isa = XCBuildConfiguration;
			buildSettings = {
				CODE_SIGN_STYLE = Automatic;
				DEVELOPMENT_TEAM = NNR8Z984DK;
				PRODUCT_NAME = "$(TARGET_NAME)";
			};
			name = Release;
		};
		51B7FD772C9B659F00BCA8DA /* Debug */ = {
			isa = XCBuildConfiguration;
			buildSettings = {
				ALWAYS_SEARCH_USER_PATHS = NO;
				ASSETCATALOG_COMPILER_GENERATE_SWIFT_ASSET_SYMBOL_EXTENSIONS = YES;
				CLANG_ANALYZER_NONNULL = YES;
				CLANG_ANALYZER_NUMBER_OBJECT_CONVERSION = YES_AGGRESSIVE;
				CLANG_CXX_LANGUAGE_STANDARD = "gnu++20";
				CLANG_ENABLE_MODULES = YES;
				CLANG_ENABLE_OBJC_ARC = YES;
				CLANG_ENABLE_OBJC_WEAK = YES;
				CLANG_WARN_BLOCK_CAPTURE_AUTORELEASING = YES;
				CLANG_WARN_BOOL_CONVERSION = YES;
				CLANG_WARN_COMMA = YES;
				CLANG_WARN_CONSTANT_CONVERSION = YES;
				CLANG_WARN_DEPRECATED_OBJC_IMPLEMENTATIONS = YES;
				CLANG_WARN_DIRECT_OBJC_ISA_USAGE = YES_ERROR;
				CLANG_WARN_DOCUMENTATION_COMMENTS = YES;
				CLANG_WARN_EMPTY_BODY = YES;
				CLANG_WARN_ENUM_CONVERSION = YES;
				CLANG_WARN_INFINITE_RECURSION = YES;
				CLANG_WARN_INT_CONVERSION = YES;
				CLANG_WARN_NON_LITERAL_NULL_CONVERSION = YES;
				CLANG_WARN_OBJC_IMPLICIT_RETAIN_SELF = YES;
				CLANG_WARN_OBJC_LITERAL_CONVERSION = YES;
				CLANG_WARN_OBJC_ROOT_CLASS = YES_ERROR;
				CLANG_WARN_QUOTED_INCLUDE_IN_FRAMEWORK_HEADER = YES;
				CLANG_WARN_RANGE_LOOP_ANALYSIS = YES;
				CLANG_WARN_STRICT_PROTOTYPES = YES;
				CLANG_WARN_SUSPICIOUS_MOVE = YES;
				CLANG_WARN_UNGUARDED_AVAILABILITY = YES_AGGRESSIVE;
				CLANG_WARN_UNREACHABLE_CODE = YES;
				CLANG_WARN__DUPLICATE_METHOD_MATCH = YES;
				COPY_PHASE_STRIP = NO;
				DEBUG_INFORMATION_FORMAT = dwarf;
				ENABLE_STRICT_OBJC_MSGSEND = YES;
				ENABLE_TESTABILITY = YES;
				ENABLE_USER_SCRIPT_SANDBOXING = NO;
				GCC_C_LANGUAGE_STANDARD = gnu17;
				GCC_DYNAMIC_NO_PIC = NO;
				GCC_NO_COMMON_BLOCKS = YES;
				GCC_OPTIMIZATION_LEVEL = 0;
				GCC_PREPROCESSOR_DEFINITIONS = (
					"DEBUG=1",
					"$(inherited)",
				);
				GCC_WARN_64_TO_32_BIT_CONVERSION = YES;
				GCC_WARN_ABOUT_RETURN_TYPE = YES_ERROR;
				GCC_WARN_UNDECLARED_SELECTOR = YES;
				GCC_WARN_UNINITIALIZED_AUTOS = YES_AGGRESSIVE;
				GCC_WARN_UNUSED_FUNCTION = YES;
				GCC_WARN_UNUSED_VARIABLE = YES;
				IPHONEOS_DEPLOYMENT_TARGET = 18.0;
				LOCALIZATION_PREFERS_STRING_CATALOGS = YES;
				MTL_ENABLE_DEBUG_INFO = INCLUDE_SOURCE;
				MTL_FAST_MATH = YES;
				ONLY_ACTIVE_ARCH = YES;
				SDKROOT = iphoneos;
				SWIFT_ACTIVE_COMPILATION_CONDITIONS = "DEBUG $(inherited)";
				SWIFT_OPTIMIZATION_LEVEL = "-Onone";
				SWIFT_VERSION = 6.0;
			};
			name = Debug;
		};
		51B7FD782C9B659F00BCA8DA /* Release */ = {
			isa = XCBuildConfiguration;
			buildSettings = {
				ALWAYS_SEARCH_USER_PATHS = NO;
				ASSETCATALOG_COMPILER_GENERATE_SWIFT_ASSET_SYMBOL_EXTENSIONS = YES;
				CLANG_ANALYZER_NONNULL = YES;
				CLANG_ANALYZER_NUMBER_OBJECT_CONVERSION = YES_AGGRESSIVE;
				CLANG_CXX_LANGUAGE_STANDARD = "gnu++20";
				CLANG_ENABLE_MODULES = YES;
				CLANG_ENABLE_OBJC_ARC = YES;
				CLANG_ENABLE_OBJC_WEAK = YES;
				CLANG_WARN_BLOCK_CAPTURE_AUTORELEASING = YES;
				CLANG_WARN_BOOL_CONVERSION = YES;
				CLANG_WARN_COMMA = YES;
				CLANG_WARN_CONSTANT_CONVERSION = YES;
				CLANG_WARN_DEPRECATED_OBJC_IMPLEMENTATIONS = YES;
				CLANG_WARN_DIRECT_OBJC_ISA_USAGE = YES_ERROR;
				CLANG_WARN_DOCUMENTATION_COMMENTS = YES;
				CLANG_WARN_EMPTY_BODY = YES;
				CLANG_WARN_ENUM_CONVERSION = YES;
				CLANG_WARN_INFINITE_RECURSION = YES;
				CLANG_WARN_INT_CONVERSION = YES;
				CLANG_WARN_NON_LITERAL_NULL_CONVERSION = YES;
				CLANG_WARN_OBJC_IMPLICIT_RETAIN_SELF = YES;
				CLANG_WARN_OBJC_LITERAL_CONVERSION = YES;
				CLANG_WARN_OBJC_ROOT_CLASS = YES_ERROR;
				CLANG_WARN_QUOTED_INCLUDE_IN_FRAMEWORK_HEADER = YES;
				CLANG_WARN_RANGE_LOOP_ANALYSIS = YES;
				CLANG_WARN_STRICT_PROTOTYPES = YES;
				CLANG_WARN_SUSPICIOUS_MOVE = YES;
				CLANG_WARN_UNGUARDED_AVAILABILITY = YES_AGGRESSIVE;
				CLANG_WARN_UNREACHABLE_CODE = YES;
				CLANG_WARN__DUPLICATE_METHOD_MATCH = YES;
				COPY_PHASE_STRIP = NO;
				DEBUG_INFORMATION_FORMAT = "dwarf-with-dsym";
				ENABLE_NS_ASSERTIONS = NO;
				ENABLE_STRICT_OBJC_MSGSEND = YES;
				ENABLE_USER_SCRIPT_SANDBOXING = NO;
				GCC_C_LANGUAGE_STANDARD = gnu17;
				GCC_NO_COMMON_BLOCKS = YES;
				GCC_WARN_64_TO_32_BIT_CONVERSION = YES;
				GCC_WARN_ABOUT_RETURN_TYPE = YES_ERROR;
				GCC_WARN_UNDECLARED_SELECTOR = YES;
				GCC_WARN_UNINITIALIZED_AUTOS = YES_AGGRESSIVE;
				GCC_WARN_UNUSED_FUNCTION = YES;
				GCC_WARN_UNUSED_VARIABLE = YES;
				IPHONEOS_DEPLOYMENT_TARGET = 18.0;
				LOCALIZATION_PREFERS_STRING_CATALOGS = YES;
				MTL_ENABLE_DEBUG_INFO = NO;
				MTL_FAST_MATH = YES;
				SDKROOT = iphoneos;
				SWIFT_COMPILATION_MODE = wholemodule;
				SWIFT_VERSION = 6.0;
				VALIDATE_PRODUCT = YES;
			};
			name = Release;
		};
		51B7FD7A2C9B659F00BCA8DA /* Debug */ = {
			isa = XCBuildConfiguration;
			buildSettings = {
				ASSETCATALOG_COMPILER_APPICON_NAME = AppIcon;
				ASSETCATALOG_COMPILER_GLOBAL_ACCENT_COLOR_NAME = AccentColor;
				CODE_SIGN_STYLE = Automatic;
				CURRENT_PROJECT_VERSION = 1;
				DEVELOPMENT_ASSET_PATHS = "\"App/Preview Content\"";
				DEVELOPMENT_TEAM = NNR8Z984DK;
				ENABLE_PREVIEWS = YES;
				GENERATE_INFOPLIST_FILE = YES;
				INFOPLIST_KEY_UIApplicationSceneManifest_Generation = YES;
				INFOPLIST_KEY_UIApplicationSupportsIndirectInputEvents = YES;
				INFOPLIST_KEY_UILaunchScreen_Generation = YES;
				INFOPLIST_KEY_UISupportedInterfaceOrientations_iPad = "UIInterfaceOrientationPortrait UIInterfaceOrientationPortraitUpsideDown UIInterfaceOrientationLandscapeLeft UIInterfaceOrientationLandscapeRight";
				INFOPLIST_KEY_UISupportedInterfaceOrientations_iPhone = "UIInterfaceOrientationPortrait UIInterfaceOrientationLandscapeLeft UIInterfaceOrientationLandscapeRight";
				LD_RUNPATH_SEARCH_PATHS = (
					"$(inherited)",
					"@executable_path/Frameworks",
				);
				MARKETING_VERSION = 1.0;
				PRODUCT_BUNDLE_IDENTIFIER = com.jbwm.App;
				PRODUCT_NAME = "$(TARGET_NAME)";
				SUPPORTED_PLATFORMS = "iphoneos iphonesimulator";
				SUPPORTS_MACCATALYST = NO;
				SUPPORTS_MAC_DESIGNED_FOR_IPHONE_IPAD = NO;
				SUPPORTS_XR_DESIGNED_FOR_IPHONE_IPAD = NO;
				SWIFT_EMIT_LOC_STRINGS = YES;
				TARGETED_DEVICE_FAMILY = 1;
			};
			name = Debug;
		};
		51B7FD7B2C9B659F00BCA8DA /* Release */ = {
			isa = XCBuildConfiguration;
			buildSettings = {
				ASSETCATALOG_COMPILER_APPICON_NAME = AppIcon;
				ASSETCATALOG_COMPILER_GLOBAL_ACCENT_COLOR_NAME = AccentColor;
				CODE_SIGN_STYLE = Automatic;
				CURRENT_PROJECT_VERSION = 1;
				DEVELOPMENT_ASSET_PATHS = "\"App/Preview Content\"";
				DEVELOPMENT_TEAM = NNR8Z984DK;
				ENABLE_PREVIEWS = YES;
				GENERATE_INFOPLIST_FILE = YES;
				INFOPLIST_KEY_UIApplicationSceneManifest_Generation = YES;
				INFOPLIST_KEY_UIApplicationSupportsIndirectInputEvents = YES;
				INFOPLIST_KEY_UILaunchScreen_Generation = YES;
				INFOPLIST_KEY_UISupportedInterfaceOrientations_iPad = "UIInterfaceOrientationPortrait UIInterfaceOrientationPortraitUpsideDown UIInterfaceOrientationLandscapeLeft UIInterfaceOrientationLandscapeRight";
				INFOPLIST_KEY_UISupportedInterfaceOrientations_iPhone = "UIInterfaceOrientationPortrait UIInterfaceOrientationLandscapeLeft UIInterfaceOrientationLandscapeRight";
				LD_RUNPATH_SEARCH_PATHS = (
					"$(inherited)",
					"@executable_path/Frameworks",
				);
				MARKETING_VERSION = 1.0;
				PRODUCT_BUNDLE_IDENTIFIER = com.jbwm.App;
				PRODUCT_NAME = "$(TARGET_NAME)";
				SUPPORTED_PLATFORMS = "iphoneos iphonesimulator";
				SUPPORTS_MACCATALYST = NO;
				SUPPORTS_MAC_DESIGNED_FOR_IPHONE_IPAD = NO;
				SUPPORTS_XR_DESIGNED_FOR_IPHONE_IPAD = NO;
				SWIFT_EMIT_LOC_STRINGS = YES;
				TARGETED_DEVICE_FAMILY = 1;
			};
			name = Release;
		};
/* End XCBuildConfiguration section */

/* Begin XCConfigurationList section */
		5152C9E52CEF383000BF7AC9 /* Build configuration list for PBXAggregateTarget "Periphery" */ = {
			isa = XCConfigurationList;
			buildConfigurations = (
				5152C9E32CEF383000BF7AC9 /* Debug */,
				5152C9E42CEF383000BF7AC9 /* Release */,
			);
			defaultConfigurationIsVisible = 0;
			defaultConfigurationName = Release;
		};
		5189AA0A2CECE000006BFF5F /* Build configuration list for PBXAggregateTarget "Format" */ = {
			isa = XCConfigurationList;
			buildConfigurations = (
				5189AA082CECE000006BFF5F /* Debug */,
				5189AA092CECE000006BFF5F /* Release */,
			);
			defaultConfigurationIsVisible = 0;
			defaultConfigurationName = Release;
		};
		51B7FD502C9B659E00BCA8DA /* Build configuration list for PBXProject "App" */ = {
			isa = XCConfigurationList;
			buildConfigurations = (
				51B7FD772C9B659F00BCA8DA /* Debug */,
				51B7FD782C9B659F00BCA8DA /* Release */,
			);
			defaultConfigurationIsVisible = 0;
			defaultConfigurationName = Release;
		};
		51B7FD792C9B659F00BCA8DA /* Build configuration list for PBXNativeTarget "App" */ = {
			isa = XCConfigurationList;
			buildConfigurations = (
				51B7FD7A2C9B659F00BCA8DA /* Debug */,
				51B7FD7B2C9B659F00BCA8DA /* Release */,
			);
			defaultConfigurationIsVisible = 0;
			defaultConfigurationName = Release;
		};
/* End XCConfigurationList section */

/* Begin XCRemoteSwiftPackageReference section */
		5185D9932CA5C24000553C34 /* XCRemoteSwiftPackageReference "swift-navigation" */ = {
			isa = XCRemoteSwiftPackageReference;
			repositoryURL = "https://github.com/pointfreeco/swift-navigation.git";
			requirement = {
				kind = upToNextMajorVersion;
				minimumVersion = 2.2.1;
			};
		};
/* End XCRemoteSwiftPackageReference section */

/* Begin XCSwiftPackageProductDependency section */
		5185D9942CA5C24000553C34 /* SwiftUINavigation */ = {
			isa = XCSwiftPackageProductDependency;
			package = 5185D9932CA5C24000553C34 /* XCRemoteSwiftPackageReference "swift-navigation" */;
			productName = SwiftUINavigation;
		};
		51B7FD892C9C202600BCA8DA /* AppLibrary */ = {
			isa = XCSwiftPackageProductDependency;
			productName = AppLibrary;
		};
		51FB4D9C2CBD33DF00C02D5C /* AppLibrary */ = {
			isa = XCSwiftPackageProductDependency;
			productName = AppLibrary;
		};
/* End XCSwiftPackageProductDependency section */
	};
	rootObject = 51B7FD4D2C9B659E00BCA8DA /* Project object */;
}
